
Microsoft Visual Studio Solution File, Format Version 12.00
# Visual Studio Version 17
VisualStudioVersion = 17.4.33122.133
MinimumVisualStudioVersion = 10.0.40219.1
Project("{FAE04EC0-301F-11D3-BF4B-00C04F79EFBC}") = "Practice10.6_Task2", "Practice10.6_Task2\Practice10.6_Task2.csproj", "{C348FEB6-359B-45EA-A58F-F5682E4FC7F7}"
EndProject
Global
	GlobalSection(SolutionConfigurationPlatforms) = preSolution
		Debug|Any CPU = Debug|Any CPU
		Release|Any CPU = Release|Any CPU
	EndGlobalSection
	GlobalSection(ProjectConfigurationPlatforms) = postSolution
		{C348FEB6-359B-45EA-A58F-F5682E4FC7F7}.Debug|Any CPU.ActiveCfg = Debug|Any CPU
		{C348FEB6-359B-45EA-A58F-F5682E4FC7F7}.Debug|Any CPU.Build.0 = Debug|Any CPU
		{C348FEB6-359B-45EA-A58F-F5682E4FC7F7}.Release|Any CPU.ActiveCfg = Release|Any CPU
		{C348FEB6-359B-45EA-A58F-F5682E4FC7F7}.Release|Any CPU.Build.0 = Release|Any CPU
	EndGlobalSection
	GlobalSection(SolutionProperties) = preSolution
		HideSolutionNode = FALSE
	EndGlobalSection
	GlobalSection(ExtensibilityGlobals) = postSolution
		SolutionGuid = {CD083EBD-F1DC-48EF-B5A2-5872898416C4}
	EndGlobalSection
EndGlobal
