
Microsoft Visual Studio Solution File, Format Version 12.00
# Visual Studio Version 17
VisualStudioVersion = 17.4.33122.133
MinimumVisualStudioVersion = 10.0.40219.1
Project("{FAE04EC0-301F-11D3-BF4B-00C04F79EFBC}") = "Practice10.6_Task1", "Practice10.6_Task1\Practice10.6_Task1.csproj", "{29940794-8290-458D-8995-49278E28A541}"
EndProject
Global
	GlobalSection(SolutionConfigurationPlatforms) = preSolution
		Debug|Any CPU = Debug|Any CPU
		Release|Any CPU = Release|Any CPU
	EndGlobalSection
	GlobalSection(ProjectConfigurationPlatforms) = postSolution
		{29940794-8290-458D-8995-49278E28A541}.Debug|Any CPU.ActiveCfg = Debug|Any CPU
		{29940794-8290-458D-8995-49278E28A541}.Debug|Any CPU.Build.0 = Debug|Any CPU
		{29940794-8290-458D-8995-49278E28A541}.Release|Any CPU.ActiveCfg = Release|Any CPU
		{29940794-8290-458D-8995-49278E28A541}.Release|Any CPU.Build.0 = Release|Any CPU
	EndGlobalSection
	GlobalSection(SolutionProperties) = preSolution
		HideSolutionNode = FALSE
	EndGlobalSection
	GlobalSection(ExtensibilityGlobals) = postSolution
		SolutionGuid = {7A272875-30FF-471E-9701-C3AA5C5F023F}
	EndGlobalSection
EndGlobal
