
Microsoft Visual Studio Solution File, Format Version 12.00
# Visual Studio Version 17
VisualStudioVersion = 17.4.33122.133
MinimumVisualStudioVersion = 10.0.40219.1
Project("{FAE04EC0-301F-11D3-BF4B-00C04F79EFBC}") = "Practice5.5", "Practice5.5\Practice5.5.csproj", "{A13AE988-BC3B-4485-A464-E2DF39E736F8}"
EndProject
Project("{FAE04EC0-301F-11D3-BF4B-00C04F79EFBC}") = "Practice5.5Task2", "Practice5.5Task2\Practice5.5Task2.csproj", "{DD2980B0-09CF-41BC-8861-9FA69E52E730}"
EndProject
Global
	GlobalSection(SolutionConfigurationPlatforms) = preSolution
		Debug|Any CPU = Debug|Any CPU
		Release|Any CPU = Release|Any CPU
	EndGlobalSection
	GlobalSection(ProjectConfigurationPlatforms) = postSolution
		{A13AE988-BC3B-4485-A464-E2DF39E736F8}.Debug|Any CPU.ActiveCfg = Debug|Any CPU
		{A13AE988-BC3B-4485-A464-E2DF39E736F8}.Debug|Any CPU.Build.0 = Debug|Any CPU
		{A13AE988-BC3B-4485-A464-E2DF39E736F8}.Release|Any CPU.ActiveCfg = Release|Any CPU
		{A13AE988-BC3B-4485-A464-E2DF39E736F8}.Release|Any CPU.Build.0 = Release|Any CPU
		{DD2980B0-09CF-41BC-8861-9FA69E52E730}.Debug|Any CPU.ActiveCfg = Debug|Any CPU
		{DD2980B0-09CF-41BC-8861-9FA69E52E730}.Debug|Any CPU.Build.0 = Debug|Any CPU
		{DD2980B0-09CF-41BC-8861-9FA69E52E730}.Release|Any CPU.ActiveCfg = Release|Any CPU
		{DD2980B0-09CF-41BC-8861-9FA69E52E730}.Release|Any CPU.Build.0 = Release|Any CPU
	EndGlobalSection
	GlobalSection(SolutionProperties) = preSolution
		HideSolutionNode = FALSE
	EndGlobalSection
	GlobalSection(ExtensibilityGlobals) = postSolution
		SolutionGuid = {6E19466C-66EE-4945-B6C5-A6871D23B0B3}
	EndGlobalSection
EndGlobal
