
Microsoft Visual Studio Solution File, Format Version 12.00
# Visual Studio Version 17
VisualStudioVersion = 17.4.33122.133
MinimumVisualStudioVersion = 10.0.40219.1
Project("{FAE04EC0-301F-11D3-BF4B-00C04F79EFBC}") = "Practice8.6", "Practice8.6\Practice8.6.csproj", "{EAF24781-D900-4D99-9064-8A7CCDA817AB}"
EndProject
Global
	GlobalSection(SolutionConfigurationPlatforms) = preSolution
		Debug|Any CPU = Debug|Any CPU
		Release|Any CPU = Release|Any CPU
	EndGlobalSection
	GlobalSection(ProjectConfigurationPlatforms) = postSolution
		{EAF24781-D900-4D99-9064-8A7CCDA817AB}.Debug|Any CPU.ActiveCfg = Debug|Any CPU
		{EAF24781-D900-4D99-9064-8A7CCDA817AB}.Debug|Any CPU.Build.0 = Debug|Any CPU
		{EAF24781-D900-4D99-9064-8A7CCDA817AB}.Release|Any CPU.ActiveCfg = Release|Any CPU
		{EAF24781-D900-4D99-9064-8A7CCDA817AB}.Release|Any CPU.Build.0 = Release|Any CPU
	EndGlobalSection
	GlobalSection(SolutionProperties) = preSolution
		HideSolutionNode = FALSE
	EndGlobalSection
	GlobalSection(ExtensibilityGlobals) = postSolution
		SolutionGuid = {6269053C-F302-4C40-B773-B39A9EA01313}
	EndGlobalSection
EndGlobal
